
Microsoft Visual Studio Solution File, Format Version 12.00
# Visual Studio Version 17
VisualStudioVersion = 17.8.34525.116
MinimumVisualStudioVersion = 10.0.40219.1
Project("{9A19103F-16F7-4668-BE54-9A1E7A4F7556}") = "CloudStorage", "CloudStorage\CloudStorage.csproj", "{6C387A2F-0404-434F-8E3D-D54516306ACD}"
EndProject
Project("{9A19103F-16F7-4668-BE54-9A1E7A4F7556}") = "CloudStorage.API", "CloudStorage.API\CloudStorage.API.csproj", "{206CB7F8-97CB-45EC-A1BF-E01DD4FFDF14}"
EndProject
Project("{9A19103F-16F7-4668-BE54-9A1E7A4F7556}") = "CloudStorage.SPA", "CloudStorage.SPA\CloudStorage.SPA.csproj", "{BF043481-4E68-4694-AAED-39D971468059}"
EndProject
Project("{9A19103F-16F7-4668-BE54-9A1E7A4F7556}") = "CloudStorage.SPA.V2", "CloudStorage.SPA.V2\CloudStorage.SPA.V2.csproj", "{BEF3D4DB-0A46-4BCB-A77A-74B2A496A6DE}"
EndProject
Project("{9A19103F-16F7-4668-BE54-9A1E7A4F7556}") = "CloudStorage.API.V2", "CloudStorage.API.V2\CloudStorage.API.V2.csproj", "{5FDB8EEA-03FE-4FD3-AA54-99966AEB68FB}"
EndProject
Project("{2150E333-8FDC-42A3-9474-1A3956D46DE8}") = "V1", "V1", "{0D50315C-1CFE-4FAE-8908-D559F3AAC523}"
EndProject
Project("{2150E333-8FDC-42A3-9474-1A3956D46DE8}") = "V2", "V2", "{C86ED5DD-BB4E-4E48-94E8-4CD42B46B939}"
EndProject
Global
	GlobalSection(SolutionConfigurationPlatforms) = preSolution
		Debug|Any CPU = Debug|Any CPU
		Release|Any CPU = Release|Any CPU
	EndGlobalSection
	GlobalSection(ProjectConfigurationPlatforms) = postSolution
		{6C387A2F-0404-434F-8E3D-D54516306ACD}.Debug|Any CPU.ActiveCfg = Debug|Any CPU
		{6C387A2F-0404-434F-8E3D-D54516306ACD}.Debug|Any CPU.Build.0 = Debug|Any CPU
		{6C387A2F-0404-434F-8E3D-D54516306ACD}.Release|Any CPU.ActiveCfg = Release|Any CPU
		{6C387A2F-0404-434F-8E3D-D54516306ACD}.Release|Any CPU.Build.0 = Release|Any CPU
		{206CB7F8-97CB-45EC-A1BF-E01DD4FFDF14}.Debug|Any CPU.ActiveCfg = Debug|Any CPU
		{206CB7F8-97CB-45EC-A1BF-E01DD4FFDF14}.Debug|Any CPU.Build.0 = Debug|Any CPU
		{206CB7F8-97CB-45EC-A1BF-E01DD4FFDF14}.Release|Any CPU.ActiveCfg = Release|Any CPU
		{206CB7F8-97CB-45EC-A1BF-E01DD4FFDF14}.Release|Any CPU.Build.0 = Release|Any CPU
		{BF043481-4E68-4694-AAED-39D971468059}.Debug|Any CPU.ActiveCfg = Debug|Any CPU
		{BF043481-4E68-4694-AAED-39D971468059}.Debug|Any CPU.Build.0 = Debug|Any CPU
		{BF043481-4E68-4694-AAED-39D971468059}.Release|Any CPU.ActiveCfg = Release|Any CPU
		{BF043481-4E68-4694-AAED-39D971468059}.Release|Any CPU.Build.0 = Release|Any CPU
		{BEF3D4DB-0A46-4BCB-A77A-74B2A496A6DE}.Debug|Any CPU.ActiveCfg = Debug|Any CPU
		{BEF3D4DB-0A46-4BCB-A77A-74B2A496A6DE}.Debug|Any CPU.Build.0 = Debug|Any CPU
		{BEF3D4DB-0A46-4BCB-A77A-74B2A496A6DE}.Release|Any CPU.ActiveCfg = Release|Any CPU
		{BEF3D4DB-0A46-4BCB-A77A-74B2A496A6DE}.Release|Any CPU.Build.0 = Release|Any CPU
		{5FDB8EEA-03FE-4FD3-AA54-99966AEB68FB}.Debug|Any CPU.ActiveCfg = Debug|Any CPU
		{5FDB8EEA-03FE-4FD3-AA54-99966AEB68FB}.Debug|Any CPU.Build.0 = Debug|Any CPU
		{5FDB8EEA-03FE-4FD3-AA54-99966AEB68FB}.Release|Any CPU.ActiveCfg = Release|Any CPU
		{5FDB8EEA-03FE-4FD3-AA54-99966AEB68FB}.Release|Any CPU.Build.0 = Release|Any CPU
	EndGlobalSection
	GlobalSection(SolutionProperties) = preSolution
		HideSolutionNode = FALSE
	EndGlobalSection
	GlobalSection(NestedProjects) = preSolution
		{206CB7F8-97CB-45EC-A1BF-E01DD4FFDF14} = {0D50315C-1CFE-4FAE-8908-D559F3AAC523}
		{BF043481-4E68-4694-AAED-39D971468059} = {0D50315C-1CFE-4FAE-8908-D559F3AAC523}
		{BEF3D4DB-0A46-4BCB-A77A-74B2A496A6DE} = {C86ED5DD-BB4E-4E48-94E8-4CD42B46B939}
		{5FDB8EEA-03FE-4FD3-AA54-99966AEB68FB} = {C86ED5DD-BB4E-4E48-94E8-4CD42B46B939}
	EndGlobalSection
	GlobalSection(ExtensibilityGlobals) = postSolution
		SolutionGuid = {1EC63069-8FA3-41C4-8B1F-12500AE5D3C0}
	EndGlobalSection
EndGlobal
